
Microsoft Visual Studio Solution File, Format Version 12.00
Project("{FAE04EC0-301F-11D3-BF4B-00C04F79EFBC}") = "LoraGateway.Terminal", "LoraGateway.Terminal/LoraGateway.csproj", "{FDB85D68-8EFC-4D87-B1FD-52ECC625000A}"
EndProject
Project("{FAE04EC0-301F-11D3-BF4B-00C04F79EFBC}") = "LoraGateway.Tests", "LoraGateway.Tests\LoraGateway.Tests.csproj", "{4344E7C8-5067-4447-B572-444A77D45AD9}"
EndProject
Project("{FAE04EC0-301F-11D3-BF4B-00C04F79EFBC}") = "LoraGateway.Host", "LoraGateway.Host\LoraGateway.Host.csproj", "{DCBEC2A1-98E6-446F-8295-7B33DF47E9BA}"
EndProject
Global
	GlobalSection(SolutionConfigurationPlatforms) = preSolution
		Debug|Any CPU = Debug|Any CPU
		Release|Any CPU = Release|Any CPU
	EndGlobalSection
	GlobalSection(ProjectConfigurationPlatforms) = postSolution
		{FDB85D68-8EFC-4D87-B1FD-52ECC625000A}.Debug|Any CPU.ActiveCfg = Debug|Any CPU
		{FDB85D68-8EFC-4D87-B1FD-52ECC625000A}.Debug|Any CPU.Build.0 = Debug|Any CPU
		{FDB85D68-8EFC-4D87-B1FD-52ECC625000A}.Release|Any CPU.ActiveCfg = Release|Any CPU
		{FDB85D68-8EFC-4D87-B1FD-52ECC625000A}.Release|Any CPU.Build.0 = Release|Any CPU
		{4344E7C8-5067-4447-B572-444A77D45AD9}.Debug|Any CPU.ActiveCfg = Debug|Any CPU
		{4344E7C8-5067-4447-B572-444A77D45AD9}.Debug|Any CPU.Build.0 = Debug|Any CPU
		{4344E7C8-5067-4447-B572-444A77D45AD9}.Release|Any CPU.ActiveCfg = Release|Any CPU
		{4344E7C8-5067-4447-B572-444A77D45AD9}.Release|Any CPU.Build.0 = Release|Any CPU
		{DCBEC2A1-98E6-446F-8295-7B33DF47E9BA}.Debug|Any CPU.ActiveCfg = Debug|Any CPU
		{DCBEC2A1-98E6-446F-8295-7B33DF47E9BA}.Debug|Any CPU.Build.0 = Debug|Any CPU
		{DCBEC2A1-98E6-446F-8295-7B33DF47E9BA}.Release|Any CPU.ActiveCfg = Release|Any CPU
		{DCBEC2A1-98E6-446F-8295-7B33DF47E9BA}.Release|Any CPU.Build.0 = Release|Any CPU
	EndGlobalSection
EndGlobal
